
Microsoft Visual Studio Solution File, Format Version 12.00
# Visual Studio Version 17
VisualStudioVersion = 17.7.34031.279
MinimumVisualStudioVersion = 10.0.40219.1
Project("{FAE04EC0-301F-11D3-BF4B-00C04F79EFBC}") = "Prova_Djalma_Web", "Prova_Djalma_Web.csproj", "{194CE733-E2C5-4872-ABD4-E9EEC935AF11}"
EndProject
Global
	GlobalSection(SolutionConfigurationPlatforms) = preSolution
		Debug|Any CPU = Debug|Any CPU
		Release|Any CPU = Release|Any CPU
	EndGlobalSection
	GlobalSection(ProjectConfigurationPlatforms) = postSolution
		{194CE733-E2C5-4872-ABD4-E9EEC935AF11}.Debug|Any CPU.ActiveCfg = Debug|Any CPU
		{194CE733-E2C5-4872-ABD4-E9EEC935AF11}.Debug|Any CPU.Build.0 = Debug|Any CPU
		{194CE733-E2C5-4872-ABD4-E9EEC935AF11}.Release|Any CPU.ActiveCfg = Release|Any CPU
		{194CE733-E2C5-4872-ABD4-E9EEC935AF11}.Release|Any CPU.Build.0 = Release|Any CPU
	EndGlobalSection
	GlobalSection(SolutionProperties) = preSolution
		HideSolutionNode = FALSE
	EndGlobalSection
	GlobalSection(ExtensibilityGlobals) = postSolution
		SolutionGuid = {6D7AC714-6AC7-4221-8377-4B26BC6DC931}
	EndGlobalSection
EndGlobal
